
Microsoft Visual Studio Solution File, Format Version 12.00
# Visual Studio Version 16
VisualStudioVersion = 16.0.29613.14
MinimumVisualStudioVersion = 10.0.40219.1
Project("{9092AA53-FB77-4645-B42D-1CCCA6BD08BD}") = "capricornus", "capricornus.njsproj", "{4F0B8499-C18A-4B83-98FA-13806972D05F}"
EndProject
Global
	GlobalSection(SolutionConfigurationPlatforms) = preSolution
		Debug|Any CPU = Debug|Any CPU
		Release|Any CPU = Release|Any CPU
	EndGlobalSection
	GlobalSection(ProjectConfigurationPlatforms) = postSolution
		{4F0B8499-C18A-4B83-98FA-13806972D05F}.Debug|Any CPU.ActiveCfg = Debug|Any CPU
		{4F0B8499-C18A-4B83-98FA-13806972D05F}.Debug|Any CPU.Build.0 = Debug|Any CPU
		{4F0B8499-C18A-4B83-98FA-13806972D05F}.Release|Any CPU.ActiveCfg = Release|Any CPU
		{4F0B8499-C18A-4B83-98FA-13806972D05F}.Release|Any CPU.Build.0 = Release|Any CPU
	EndGlobalSection
	GlobalSection(SolutionProperties) = preSolution
		HideSolutionNode = FALSE
	EndGlobalSection
	GlobalSection(ExtensibilityGlobals) = postSolution
		SolutionGuid = {8141D3F1-FDF3-409F-9683-A6B82E16CAD9}
	EndGlobalSection
EndGlobal
